// !$*UTF8*$!
{
	archiveVersion = 1;
	classes = {
	};
	objectVersion = 56;
	objects = {

/* Begin PBXBuildFile section */
		19BBDBB0D4EB20A5CB72E894 /* Pods_News.framework in Frameworks */ = {isa = PBXBuildFile; fileRef = 4B2D49FECD346F256313B0BF /* Pods_News.framework */; };
		353E3FA52BF54472001D5720 /* NewsApp.swift in Sources */ = {isa = PBXBuildFile; fileRef = 353E3FA42BF54472001D5720 /* NewsApp.swift */; };
		353E3FA72BF54472001D5720 /* URLImageView.swift in Sources */ = {isa = PBXBuildFile; fileRef = 353E3FA62BF54472001D5720 /* URLImageView.swift */; };
		353E3FA92BF54473001D5720 /* Assets.xcassets in Resources */ = {isa = PBXBuildFile; fileRef = 353E3FA82BF54473001D5720 /* Assets.xcassets */; };
		353E3FAC2BF54473001D5720 /* Preview Assets.xcassets in Resources */ = {isa = PBXBuildFile; fileRef = 353E3FAB2BF54473001D5720 /* Preview Assets.xcassets */; };
		3540BA092BFBB92E00209643 /* Model.swift in Sources */ = {isa = PBXBuildFile; fileRef = 3540BA082BFBB92E00209643 /* Model.swift */; };
		3540BA0B2BFBB93A00209643 /* Extension.swift in Sources */ = {isa = PBXBuildFile; fileRef = 3540BA0A2BFBB93A00209643 /* Extension.swift */; };
		3540BA0F2BFBB94500209643 /* UserDetailsView.swift in Sources */ = {isa = PBXBuildFile; fileRef = 3540BA0C2BFBB94500209643 /* UserDetailsView.swift */; };
		3540BA102BFBB94500209643 /* NewsDetailsView.swift in Sources */ = {isa = PBXBuildFile; fileRef = 3540BA0D2BFBB94500209643 /* NewsDetailsView.swift */; };
		3540BA112BFBB94500209643 /* MainView.swift in Sources */ = {isa = PBXBuildFile; fileRef = 3540BA0E2BFBB94500209643 /* MainView.swift */; };
		3540BA132BFBB95100209643 /* HackerNewsAPI.swift in Sources */ = {isa = PBXBuildFile; fileRef = 3540BA122BFBB95100209643 /* HackerNewsAPI.swift */; };
		3540BA182BFBBA8900209643 /* Jacquard12-Regular.ttf in Resources */ = {isa = PBXBuildFile; fileRef = 3540BA172BFBBA8900209643 /* Jacquard12-Regular.ttf */; };
		3540BA1B2BFBBAA700209643 /* Oswald-Medium.ttf in Resources */ = {isa = PBXBuildFile; fileRef = 3540BA192BFBBAA700209643 /* Oswald-Medium.ttf */; };
		3540BA1C2BFBBAA700209643 /* Oswald-Regular.ttf in Resources */ = {isa = PBXBuildFile; fileRef = 3540BA1A2BFBBAA700209643 /* Oswald-Regular.ttf */; };
		3540BA1F2BFBBBAC00209643 /* BackButtonView.swift in Sources */ = {isa = PBXBuildFile; fileRef = 3540BA1E2BFBBBAC00209643 /* BackButtonView.swift */; };
/* End PBXBuildFile section */

/* Begin PBXFileReference section */
		353E3FA12BF54472001D5720 /* News.app */ = {isa = PBXFileReference; explicitFileType = wrapper.application; includeInIndex = 0; path = News.app; sourceTree = BUILT_PRODUCTS_DIR; };
		353E3FA42BF54472001D5720 /* NewsApp.swift */ = {isa = PBXFileReference; lastKnownFileType = sourcecode.swift; path = NewsApp.swift; sourceTree = "<group>"; };
		353E3FA62BF54472001D5720 /* URLImageView.swift */ = {isa = PBXFileReference; lastKnownFileType = sourcecode.swift; path = URLImageView.swift; sourceTree = "<group>"; };
		353E3FA82BF54473001D5720 /* Assets.xcassets */ = {isa = PBXFileReference; lastKnownFileType = folder.assetcatalog; path = Assets.xcassets; sourceTree = "<group>"; };
		353E3FAB2BF54473001D5720 /* Preview Assets.xcassets */ = {isa = PBXFileReference; lastKnownFileType = folder.assetcatalog; path = "Preview Assets.xcassets"; sourceTree = "<group>"; };
		3540BA082BFBB92E00209643 /* Model.swift */ = {isa = PBXFileReference; fileEncoding = 4; lastKnownFileType = sourcecode.swift; name = Model.swift; path = "../../../Hacker News App/Hacker News App/Model/Model.swift"; sourceTree = "<group>"; };
		3540BA0A2BFBB93A00209643 /* Extension.swift */ = {isa = PBXFileReference; fileEncoding = 4; lastKnownFileType = sourcecode.swift; name = Extension.swift; path = "../../../Hacker News App/Hacker News App/Extension/Extension.swift"; sourceTree = "<group>"; };
		3540BA0C2BFBB94500209643 /* UserDetailsView.swift */ = {isa = PBXFileReference; fileEncoding = 4; lastKnownFileType = sourcecode.swift; name = UserDetailsView.swift; path = "../../../Hacker News App/Hacker News App/View/UserDetailsView.swift"; sourceTree = "<group>"; };
		3540BA0D2BFBB94500209643 /* NewsDetailsView.swift */ = {isa = PBXFileReference; fileEncoding = 4; lastKnownFileType = sourcecode.swift; name = NewsDetailsView.swift; path = "../../../Hacker News App/Hacker News App/View/NewsDetailsView.swift"; sourceTree = "<group>"; };
		3540BA0E2BFBB94500209643 /* MainView.swift */ = {isa = PBXFileReference; fileEncoding = 4; lastKnownFileType = sourcecode.swift; name = MainView.swift; path = "../../../Hacker News App/Hacker News App/View/MainView.swift"; sourceTree = "<group>"; };
		3540BA122BFBB95100209643 /* HackerNewsAPI.swift */ = {isa = PBXFileReference; fileEncoding = 4; lastKnownFileType = sourcecode.swift; name = HackerNewsAPI.swift; path = "../../../Hacker News App/Hacker News App/ViewModel/HackerNewsAPI.swift"; sourceTree = "<group>"; };
		3540BA172BFBBA8900209643 /* Jacquard12-Regular.ttf */ = {isa = PBXFileReference; lastKnownFileType = file; name = "Jacquard12-Regular.ttf"; path = "Fonts/Jacquard_12,Oswald-2/Jacquard_12/Jacquard12-Regular.ttf"; sourceTree = SOURCE_ROOT; };
		3540BA192BFBBAA700209643 /* Oswald-Medium.ttf */ = {isa = PBXFileReference; lastKnownFileType = file; name = "Oswald-Medium.ttf"; path = "Fonts/Jacquard_12,Oswald-2/Oswald/static/Oswald-Medium.ttf"; sourceTree = SOURCE_ROOT; };
		3540BA1A2BFBBAA700209643 /* Oswald-Regular.ttf */ = {isa = PBXFileReference; lastKnownFileType = file; name = "Oswald-Regular.ttf"; path = "Fonts/Jacquard_12,Oswald-2/Oswald/static/Oswald-Regular.ttf"; sourceTree = SOURCE_ROOT; };
		3540BA1D2BFBBAEE00209643 /* Info.plist */ = {isa = PBXFileReference; lastKnownFileType = text.plist; path = Info.plist; sourceTree = "<group>"; };
		3540BA1E2BFBBBAC00209643 /* BackButtonView.swift */ = {isa = PBXFileReference; lastKnownFileType = sourcecode.swift; path = BackButtonView.swift; sourceTree = "<group>"; };
		3DA5EE0B4FA38322555A5231 /* Pods-News.debug.xcconfig */ = {isa = PBXFileReference; includeInIndex = 1; lastKnownFileType = text.xcconfig; name = "Pods-News.debug.xcconfig"; path = "Target Support Files/Pods-News/Pods-News.debug.xcconfig"; sourceTree = "<group>"; };
		4B2D49FECD346F256313B0BF /* Pods_News.framework */ = {isa = PBXFileReference; explicitFileType = wrapper.framework; includeInIndex = 0; path = Pods_News.framework; sourceTree = BUILT_PRODUCTS_DIR; };
		7BBEAF060ED91E1BB6D27D42 /* Pods-News.release.xcconfig */ = {isa = PBXFileReference; includeInIndex = 1; lastKnownFileType = text.xcconfig; name = "Pods-News.release.xcconfig"; path = "Target Support Files/Pods-News/Pods-News.release.xcconfig"; sourceTree = "<group>"; };
/* End PBXFileReference section */

/* Begin PBXFrameworksBuildPhase section */
		353E3F9E2BF54472001D5720 /* Frameworks */ = {
			isa = PBXFrameworksBuildPhase;
			buildActionMask = 2147483647;
			files = (
				19BBDBB0D4EB20A5CB72E894 /* Pods_News.framework in Frameworks */,
			);
			runOnlyForDeploymentPostprocessing = 0;
		};
/* End PBXFrameworksBuildPhase section */

/* Begin PBXGroup section */
		353E3F982BF54472001D5720 = {
			isa = PBXGroup;
			children = (
				353E3FA32BF54472001D5720 /* News */,
				353E3FA22BF54472001D5720 /* Products */,
				A6AAA46BDDAE94C9CC980B04 /* Pods */,
				4150960855CCB6E02B7B5F16 /* Frameworks */,
			);
			sourceTree = "<group>";
		};
		353E3FA22BF54472001D5720 /* Products */ = {
			isa = PBXGroup;
			children = (
				353E3FA12BF54472001D5720 /* News.app */,
			);
			name = Products;
			sourceTree = "<group>";
		};
		353E3FA32BF54472001D5720 /* News */ = {
			isa = PBXGroup;
			children = (
				3540BA1D2BFBBAEE00209643 /* Info.plist */,
				3540BA162BFBBA5500209643 /* Fonts */,
				3540BA072BFBB91200209643 /* Extension */,
				3540BA062BFBB90800209643 /* Model */,
				3540BA052BFBB8FD00209643 /* ViewModel */,
				3540BA042BFBB8F400209643 /* View */,
				353E3FA42BF54472001D5720 /* NewsApp.swift */,
				353E3FA82BF54473001D5720 /* Assets.xcassets */,
				353E3FAA2BF54473001D5720 /* Preview Content */,
			);
			path = News;
			sourceTree = "<group>";
		};
		353E3FAA2BF54473001D5720 /* Preview Content */ = {
			isa = PBXGroup;
			children = (
				353E3FAB2BF54473001D5720 /* Preview Assets.xcassets */,
			);
			path = "Preview Content";
			sourceTree = "<group>";
		};
		3540BA042BFBB8F400209643 /* View */ = {
			isa = PBXGroup;
			children = (
				3540BA0E2BFBB94500209643 /* MainView.swift */,
				3540BA0D2BFBB94500209643 /* NewsDetailsView.swift */,
				3540BA0C2BFBB94500209643 /* UserDetailsView.swift */,
				353E3FA62BF54472001D5720 /* URLImageView.swift */,
				3540BA1E2BFBBBAC00209643 /* BackButtonView.swift */,
			);
			path = View;
			sourceTree = "<group>";
		};
		3540BA052BFBB8FD00209643 /* ViewModel */ = {
			isa = PBXGroup;
			children = (
				3540BA122BFBB95100209643 /* HackerNewsAPI.swift */,
			);
			path = ViewModel;
			sourceTree = "<group>";
		};
		3540BA062BFBB90800209643 /* Model */ = {
			isa = PBXGroup;
			children = (
				3540BA082BFBB92E00209643 /* Model.swift */,
			);
			path = Model;
			sourceTree = "<group>";
		};
		3540BA072BFBB91200209643 /* Extension */ = {
			isa = PBXGroup;
			children = (
				3540BA0A2BFBB93A00209643 /* Extension.swift */,
			);
			path = Extension;
			sourceTree = "<group>";
		};
		3540BA162BFBBA5500209643 /* Fonts */ = {
			isa = PBXGroup;
			children = (
				3540BA172BFBBA8900209643 /* Jacquard12-Regular.ttf */,
				3540BA192BFBBAA700209643 /* Oswald-Medium.ttf */,
				3540BA1A2BFBBAA700209643 /* Oswald-Regular.ttf */,
			);
			path = Fonts;
			sourceTree = "<group>";
		};
		4150960855CCB6E02B7B5F16 /* Frameworks */ = {
			isa = PBXGroup;
			children = (
				4B2D49FECD346F256313B0BF /* Pods_News.framework */,
			);
			name = Frameworks;
			sourceTree = "<group>";
		};
		A6AAA46BDDAE94C9CC980B04 /* Pods */ = {
			isa = PBXGroup;
			children = (
				3DA5EE0B4FA38322555A5231 /* Pods-News.debug.xcconfig */,
				7BBEAF060ED91E1BB6D27D42 /* Pods-News.release.xcconfig */,
			);
			path = Pods;
			sourceTree = "<group>";
		};
/* End PBXGroup section */

/* Begin PBXNativeTarget section */
		353E3FA02BF54472001D5720 /* News */ = {
			isa = PBXNativeTarget;
			buildConfigurationList = 353E3FAF2BF54473001D5720 /* Build configuration list for PBXNativeTarget "News" */;
			buildPhases = (
				FD7B53A3DD54B69D15C3BD17 /* [CP] Check Pods Manifest.lock */,
				353E3F9D2BF54472001D5720 /* Sources */,
				353E3F9E2BF54472001D5720 /* Frameworks */,
				353E3F9F2BF54472001D5720 /* Resources */,
				02618B2B8F3F822816B958FA /* [CP] Embed Pods Frameworks */,
			);
			buildRules = (
			);
			dependencies = (
			);
			name = News;
			productName = News;
			productReference = 353E3FA12BF54472001D5720 /* News.app */;
			productType = "com.apple.product-type.application";
		};
/* End PBXNativeTarget section */

/* Begin PBXProject section */
		353E3F992BF54472001D5720 /* Project object */ = {
			isa = PBXProject;
			attributes = {
				BuildIndependentTargetsInParallel = 1;
				LastSwiftUpdateCheck = 1530;
				LastUpgradeCheck = 1530;
				TargetAttributes = {
					353E3FA02BF54472001D5720 = {
						CreatedOnToolsVersion = 15.3;
					};
				};
			};
			buildConfigurationList = 353E3F9C2BF54472001D5720 /* Build configuration list for PBXProject "News" */;
			compatibilityVersion = "Xcode 14.0";
			developmentRegion = en;
			hasScannedForEncodings = 0;
			knownRegions = (
				en,
				Base,
			);
			mainGroup = 353E3F982BF54472001D5720;
			productRefGroup = 353E3FA22BF54472001D5720 /* Products */;
			projectDirPath = "";
			projectRoot = "";
			targets = (
				353E3FA02BF54472001D5720 /* News */,
			);
		};
/* End PBXProject section */

/* Begin PBXResourcesBuildPhase section */
		353E3F9F2BF54472001D5720 /* Resources */ = {
			isa = PBXResourcesBuildPhase;
			buildActionMask = 2147483647;
			files = (
				3540BA1C2BFBBAA700209643 /* Oswald-Regular.ttf in Resources */,
				353E3FAC2BF54473001D5720 /* Preview Assets.xcassets in Resources */,
				3540BA1B2BFBBAA700209643 /* Oswald-Medium.ttf in Resources */,
				353E3FA92BF54473001D5720 /* Assets.xcassets in Resources */,
				3540BA182BFBBA8900209643 /* Jacquard12-Regular.ttf in Resources */,
			);
			runOnlyForDeploymentPostprocessing = 0;
		};
/* End PBXResourcesBuildPhase section */

/* Begin PBXShellScriptBuildPhase section */
		02618B2B8F3F822816B958FA /* [CP] Embed Pods Frameworks */ = {
			isa = PBXShellScriptBuildPhase;
			buildActionMask = 2147483647;
			files = (
			);
			inputFileListPaths = (
				"${PODS_ROOT}/Target Support Files/Pods-News/Pods-News-frameworks-${CONFIGURATION}-input-files.xcfilelist",
			);
			name = "[CP] Embed Pods Frameworks";
			outputFileListPaths = (
				"${PODS_ROOT}/Target Support Files/Pods-News/Pods-News-frameworks-${CONFIGURATION}-output-files.xcfilelist",
			);
			runOnlyForDeploymentPostprocessing = 0;
			shellPath = /bin/sh;
			shellScript = "\"${PODS_ROOT}/Target Support Files/Pods-News/Pods-News-frameworks.sh\"\n";
			showEnvVarsInLog = 0;
		};
		FD7B53A3DD54B69D15C3BD17 /* [CP] Check Pods Manifest.lock */ = {
			isa = PBXShellScriptBuildPhase;
			buildActionMask = 2147483647;
			files = (
			);
			inputFileListPaths = (
			);
			inputPaths = (
				"${PODS_PODFILE_DIR_PATH}/Podfile.lock",
				"${PODS_ROOT}/Manifest.lock",
			);
			name = "[CP] Check Pods Manifest.lock";
			outputFileListPaths = (
			);
			outputPaths = (
				"$(DERIVED_FILE_DIR)/Pods-News-checkManifestLockResult.txt",
			);
			runOnlyForDeploymentPostprocessing = 0;
			shellPath = /bin/sh;
			shellScript = "diff \"${PODS_PODFILE_DIR_PATH}/Podfile.lock\" \"${PODS_ROOT}/Manifest.lock\" > /dev/null\nif [ $? != 0 ] ; then\n    # print error to STDERR\n    echo \"error: The sandbox is not in sync with the Podfile.lock. Run 'pod install' or update your CocoaPods installation.\" >&2\n    exit 1\nfi\n# This output is used by Xcode 'outputs' to avoid re-running this script phase.\necho \"SUCCESS\" > \"${SCRIPT_OUTPUT_FILE_0}\"\n";
			showEnvVarsInLog = 0;
		};
/* End PBXShellScriptBuildPhase section */

/* Begin PBXSourcesBuildPhase section */
		353E3F9D2BF54472001D5720 /* Sources */ = {
			isa = PBXSourcesBuildPhase;
			buildActionMask = 2147483647;
			files = (
				3540BA102BFBB94500209643 /* NewsDetailsView.swift in Sources */,
				3540BA112BFBB94500209643 /* MainView.swift in Sources */,
				3540BA1F2BFBBBAC00209643 /* BackButtonView.swift in Sources */,
				3540BA0F2BFBB94500209643 /* UserDetailsView.swift in Sources */,
				3540BA132BFBB95100209643 /* HackerNewsAPI.swift in Sources */,
				3540BA092BFBB92E00209643 /* Model.swift in Sources */,
				353E3FA72BF54472001D5720 /* URLImageView.swift in Sources */,
				353E3FA52BF54472001D5720 /* NewsApp.swift in Sources */,
				3540BA0B2BFBB93A00209643 /* Extension.swift in Sources */,
			);
			runOnlyForDeploymentPostprocessing = 0;
		};
/* End PBXSourcesBuildPhase section */

/* Begin XCBuildConfiguration section */
		353E3FAD2BF54473001D5720 /* Debug */ = {
			isa = XCBuildConfiguration;
			buildSettings = {
				ALWAYS_SEARCH_USER_PATHS = NO;
				ASSETCATALOG_COMPILER_GENERATE_SWIFT_ASSET_SYMBOL_EXTENSIONS = YES;
				CLANG_ANALYZER_NONNULL = YES;
				CLANG_ANALYZER_NUMBER_OBJECT_CONVERSION = YES_AGGRESSIVE;
				CLANG_CXX_LANGUAGE_STANDARD = "gnu++20";
				CLANG_ENABLE_MODULES = YES;
				CLANG_ENABLE_OBJC_ARC = YES;
				CLANG_ENABLE_OBJC_WEAK = YES;
				CLANG_WARN_BLOCK_CAPTURE_AUTORELEASING = YES;
				CLANG_WARN_BOOL_CONVERSION = YES;
				CLANG_WARN_COMMA = YES;
				CLANG_WARN_CONSTANT_CONVERSION = YES;
				CLANG_WARN_DEPRECATED_OBJC_IMPLEMENTATIONS = YES;
				CLANG_WARN_DIRECT_OBJC_ISA_USAGE = YES_ERROR;
				CLANG_WARN_DOCUMENTATION_COMMENTS = YES;
				CLANG_WARN_EMPTY_BODY = YES;
				CLANG_WARN_ENUM_CONVERSION = YES;
				CLANG_WARN_INFINITE_RECURSION = YES;
				CLANG_WARN_INT_CONVERSION = YES;
				CLANG_WARN_NON_LITERAL_NULL_CONVERSION = YES;
				CLANG_WARN_OBJC_IMPLICIT_RETAIN_SELF = YES;
				CLANG_WARN_OBJC_LITERAL_CONVERSION = YES;
				CLANG_WARN_OBJC_ROOT_CLASS = YES_ERROR;
				CLANG_WARN_QUOTED_INCLUDE_IN_FRAMEWORK_HEADER = YES;
				CLANG_WARN_RANGE_LOOP_ANALYSIS = YES;
				CLANG_WARN_STRICT_PROTOTYPES = YES;
				CLANG_WARN_SUSPICIOUS_MOVE = YES;
				CLANG_WARN_UNGUARDED_AVAILABILITY = YES_AGGRESSIVE;
				CLANG_WARN_UNREACHABLE_CODE = YES;
				CLANG_WARN__DUPLICATE_METHOD_MATCH = YES;
				COPY_PHASE_STRIP = NO;
				DEBUG_INFORMATION_FORMAT = dwarf;
				ENABLE_STRICT_OBJC_MSGSEND = YES;
				ENABLE_TESTABILITY = YES;
				ENABLE_USER_SCRIPT_SANDBOXING = NO;
				GCC_C_LANGUAGE_STANDARD = gnu17;
				GCC_DYNAMIC_NO_PIC = NO;
				GCC_NO_COMMON_BLOCKS = YES;
				GCC_OPTIMIZATION_LEVEL = 0;
				GCC_PREPROCESSOR_DEFINITIONS = (
					"DEBUG=1",
					"$(inherited)",
				);
				GCC_WARN_64_TO_32_BIT_CONVERSION = YES;
				GCC_WARN_ABOUT_RETURN_TYPE = YES_ERROR;
				GCC_WARN_UNDECLARED_SELECTOR = YES;
				GCC_WARN_UNINITIALIZED_AUTOS = YES_AGGRESSIVE;
				GCC_WARN_UNUSED_FUNCTION = YES;
				GCC_WARN_UNUSED_VARIABLE = YES;
				IPHONEOS_DEPLOYMENT_TARGET = 17.4;
				LOCALIZATION_PREFERS_STRING_CATALOGS = YES;
				MTL_ENABLE_DEBUG_INFO = INCLUDE_SOURCE;
				MTL_FAST_MATH = YES;
				ONLY_ACTIVE_ARCH = YES;
				SDKROOT = iphoneos;
				SWIFT_ACTIVE_COMPILATION_CONDITIONS = "DEBUG $(inherited)";
				SWIFT_OPTIMIZATION_LEVEL = "-Onone";
			};
			name = Debug;
		};
		353E3FAE2BF54473001D5720 /* Release */ = {
			isa = XCBuildConfiguration;
			buildSettings = {
				ALWAYS_SEARCH_USER_PATHS = NO;
				ASSETCATALOG_COMPILER_GENERATE_SWIFT_ASSET_SYMBOL_EXTENSIONS = YES;
				CLANG_ANALYZER_NONNULL = YES;
				CLANG_ANALYZER_NUMBER_OBJECT_CONVERSION = YES_AGGRESSIVE;
				CLANG_CXX_LANGUAGE_STANDARD = "gnu++20";
				CLANG_ENABLE_MODULES = YES;
				CLANG_ENABLE_OBJC_ARC = YES;
				CLANG_ENABLE_OBJC_WEAK = YES;
				CLANG_WARN_BLOCK_CAPTURE_AUTORELEASING = YES;
				CLANG_WARN_BOOL_CONVERSION = YES;
				CLANG_WARN_COMMA = YES;
				CLANG_WARN_CONSTANT_CONVERSION = YES;
				CLANG_WARN_DEPRECATED_OBJC_IMPLEMENTATIONS = YES;
				CLANG_WARN_DIRECT_OBJC_ISA_USAGE = YES_ERROR;
				CLANG_WARN_DOCUMENTATION_COMMENTS = YES;
				CLANG_WARN_EMPTY_BODY = YES;
				CLANG_WARN_ENUM_CONVERSION = YES;
				CLANG_WARN_INFINITE_RECURSION = YES;
				CLANG_WARN_INT_CONVERSION = YES;
				CLANG_WARN_NON_LITERAL_NULL_CONVERSION = YES;
				CLANG_WARN_OBJC_IMPLICIT_RETAIN_SELF = YES;
				CLANG_WARN_OBJC_LITERAL_CONVERSION = YES;
				CLANG_WARN_OBJC_ROOT_CLASS = YES_ERROR;
				CLANG_WARN_QUOTED_INCLUDE_IN_FRAMEWORK_HEADER = YES;
				CLANG_WARN_RANGE_LOOP_ANALYSIS = YES;
				CLANG_WARN_STRICT_PROTOTYPES = YES;
				CLANG_WARN_SUSPICIOUS_MOVE = YES;
				CLANG_WARN_UNGUARDED_AVAILABILITY = YES_AGGRESSIVE;
				CLANG_WARN_UNREACHABLE_CODE = YES;
				CLANG_WARN__DUPLICATE_METHOD_MATCH = YES;
				COPY_PHASE_STRIP = NO;
				DEBUG_INFORMATION_FORMAT = "dwarf-with-dsym";
				ENABLE_NS_ASSERTIONS = NO;
				ENABLE_STRICT_OBJC_MSGSEND = YES;
				ENABLE_USER_SCRIPT_SANDBOXING = NO;
				GCC_C_LANGUAGE_STANDARD = gnu17;
				GCC_NO_COMMON_BLOCKS = YES;
				GCC_WARN_64_TO_32_BIT_CONVERSION = YES;
				GCC_WARN_ABOUT_RETURN_TYPE = YES_ERROR;
				GCC_WARN_UNDECLARED_SELECTOR = YES;
				GCC_WARN_UNINITIALIZED_AUTOS = YES_AGGRESSIVE;
				GCC_WARN_UNUSED_FUNCTION = YES;
				GCC_WARN_UNUSED_VARIABLE = YES;
				IPHONEOS_DEPLOYMENT_TARGET = 17.4;
				LOCALIZATION_PREFERS_STRING_CATALOGS = YES;
				MTL_ENABLE_DEBUG_INFO = NO;
				MTL_FAST_MATH = YES;
				SDKROOT = iphoneos;
				SWIFT_COMPILATION_MODE = wholemodule;
				VALIDATE_PRODUCT = YES;
			};
			name = Release;
		};
		353E3FB02BF54473001D5720 /* Debug */ = {
			isa = XCBuildConfiguration;
			baseConfigurationReference = 3DA5EE0B4FA38322555A5231 /* Pods-News.debug.xcconfig */;
			buildSettings = {
				ASSETCATALOG_COMPILER_APPICON_NAME = AppIcon;
				ASSETCATALOG_COMPILER_GLOBAL_ACCENT_COLOR_NAME = AccentColor;
				CODE_SIGN_STYLE = Automatic;
				CURRENT_PROJECT_VERSION = 1;
				DEVELOPMENT_ASSET_PATHS = "\"News/Preview Content\"";
				DEVELOPMENT_TEAM = 2YR76576KZ;
				ENABLE_PREVIEWS = YES;
				GENERATE_INFOPLIST_FILE = YES;
				INFOPLIST_FILE = News/Info.plist;
				INFOPLIST_KEY_UIApplicationSceneManifest_Generation = YES;
				INFOPLIST_KEY_UIApplicationSupportsIndirectInputEvents = YES;
				INFOPLIST_KEY_UILaunchScreen_Generation = YES;
				INFOPLIST_KEY_UISupportedInterfaceOrientations_iPad = "UIInterfaceOrientationPortrait UIInterfaceOrientationPortraitUpsideDown UIInterfaceOrientationLandscapeLeft UIInterfaceOrientationLandscapeRight";
				INFOPLIST_KEY_UISupportedInterfaceOrientations_iPhone = "UIInterfaceOrientationPortrait UIInterfaceOrientationLandscapeLeft UIInterfaceOrientationLandscapeRight";
				LD_RUNPATH_SEARCH_PATHS = (
					"$(inherited)",
					"@executable_path/Frameworks",
				);
				MARKETING_VERSION = 1.0;
				PRODUCT_BUNDLE_IDENTIFIER = com.deep.News;
				PRODUCT_NAME = "$(TARGET_NAME)";
				SWIFT_EMIT_LOC_STRINGS = YES;
				SWIFT_VERSION = 5.0;
				TARGETED_DEVICE_FAMILY = "1,2";
			};
			name = Debug;
		};
		353E3FB12BF54473001D5720 /* Release */ = {
			isa = XCBuildConfiguration;
			baseConfigurationReference = 7BBEAF060ED91E1BB6D27D42 /* Pods-News.release.xcconfig */;
			buildSettings = {
				ASSETCATALOG_COMPILER_APPICON_NAME = AppIcon;
				ASSETCATALOG_COMPILER_GLOBAL_ACCENT_COLOR_NAME = AccentColor;
				CODE_SIGN_STYLE = Automatic;
				CURRENT_PROJECT_VERSION = 1;
				DEVELOPMENT_ASSET_PATHS = "\"News/Preview Content\"";
				DEVELOPMENT_TEAM = 2YR76576KZ;
				ENABLE_PREVIEWS = YES;
				GENERATE_INFOPLIST_FILE = YES;
				INFOPLIST_FILE = News/Info.plist;
				INFOPLIST_KEY_UIApplicationSceneManifest_Generation = YES;
				INFOPLIST_KEY_UIApplicationSupportsIndirectInputEvents = YES;
				INFOPLIST_KEY_UILaunchScreen_Generation = YES;
				INFOPLIST_KEY_UISupportedInterfaceOrientations_iPad = "UIInterfaceOrientationPortrait UIInterfaceOrientationPortraitUpsideDown UIInterfaceOrientationLandscapeLeft UIInterfaceOrientationLandscapeRight";
				INFOPLIST_KEY_UISupportedInterfaceOrientations_iPhone = "UIInterfaceOrientationPortrait UIInterfaceOrientationLandscapeLeft UIInterfaceOrientationLandscapeRight";
				LD_RUNPATH_SEARCH_PATHS = (
					"$(inherited)",
					"@executable_path/Frameworks",
				);
				MARKETING_VERSION = 1.0;
				PRODUCT_BUNDLE_IDENTIFIER = com.deep.News;
				PRODUCT_NAME = "$(TARGET_NAME)";
				SWIFT_EMIT_LOC_STRINGS = YES;
				SWIFT_VERSION = 5.0;
				TARGETED_DEVICE_FAMILY = "1,2";
			};
			name = Release;
		};
/* End XCBuildConfiguration section */

/* Begin XCConfigurationList section */
		353E3F9C2BF54472001D5720 /* Build configuration list for PBXProject "News" */ = {
			isa = XCConfigurationList;
			buildConfigurations = (
				353E3FAD2BF54473001D5720 /* Debug */,
				353E3FAE2BF54473001D5720 /* Release */,
			);
			defaultConfigurationIsVisible = 0;
			defaultConfigurationName = Release;
		};
		353E3FAF2BF54473001D5720 /* Build configuration list for PBXNativeTarget "News" */ = {
			isa = XCConfigurationList;
			buildConfigurations = (
				353E3FB02BF54473001D5720 /* Debug */,
				353E3FB12BF54473001D5720 /* Release */,
			);
			defaultConfigurationIsVisible = 0;
			defaultConfigurationName = Release;
		};
/* End XCConfigurationList section */
	};
	rootObject = 353E3F992BF54472001D5720 /* Project object */;
}
